
Microsoft Visual Studio Solution File, Format Version 12.00
# Visual Studio Version 17
VisualStudioVersion = 17.0.32014.148
MinimumVisualStudioVersion = 10.0.40219.1
Project("{FAE04EC0-301F-11D3-BF4B-00C04F79EFBC}") = "DigitalDice.WpfApp", "DigitalDice.WpfApp\DigitalDice.WpfApp.csproj", "{F3318C77-7510-4C71-B837-94B31B4A0A2C}"
EndProject
Global
	GlobalSection(SolutionConfigurationPlatforms) = preSolution
		Debug|Any CPU = Debug|Any CPU
		Release|Any CPU = Release|Any CPU
	EndGlobalSection
	GlobalSection(ProjectConfigurationPlatforms) = postSolution
		{F3318C77-7510-4C71-B837-94B31B4A0A2C}.Debug|Any CPU.ActiveCfg = Debug|Any CPU
		{F3318C77-7510-4C71-B837-94B31B4A0A2C}.Debug|Any CPU.Build.0 = Debug|Any CPU
		{F3318C77-7510-4C71-B837-94B31B4A0A2C}.Release|Any CPU.ActiveCfg = Release|Any CPU
		{F3318C77-7510-4C71-B837-94B31B4A0A2C}.Release|Any CPU.Build.0 = Release|Any CPU
	EndGlobalSection
	GlobalSection(SolutionProperties) = preSolution
		HideSolutionNode = FALSE
	EndGlobalSection
	GlobalSection(ExtensibilityGlobals) = postSolution
		SolutionGuid = {F1A35176-AA74-44F6-9FBB-FE627B518907}
	EndGlobalSection
EndGlobal
